<?xml version="1.0" encoding="utf-8"?>
<Project ToolsVersion="4.0" xmlns="http://schemas.microsoft.com/developer/msbuild/2003">
  <ItemGroup>
    <Filter Include="Engine">
      <UniqueIdentifier>{bb785f1a-b20c-4ebf-b97d-b78051bf91da}</UniqueIdentifier>
    </Filter>
    <Filter Include="Engine\Utils">
      <UniqueIdentifier>{3be00b95-ac46-42f0-b579-006a87b53176}</UniqueIdentifier>
    </Filter>
    <Filter Include="Engine\Resources">
      <UniqueIdentifier>{e17ab823-58df-4324-932b-6348253eb936}</UniqueIdentifier>
    </Filter>
    <Filter Include="Engine\imgui">
      <UniqueIdentifier>{ea98b959-49ae-4e35-a6fe-7a4f7de538e7}</UniqueIdentifier>
    </Filter>
    <Filter Include="Engine\Persistence">
      <UniqueIdentifier>{26cb27ba-e3ad-4d07-ae7d-222b679f9c89}</UniqueIdentifier>
    </Filter>
    <Filter Include="Engine\Colliders">
      <UniqueIdentifier>{3d8d1a88-3932-4029-91ca-6dd1488d8fe8}</UniqueIdentifier>
    </Filter>
    <Filter Include="Engine\ADKUtils">
      <UniqueIdentifier>{14925f3f-f881-468e-8ac5-0f40cac0e087}</UniqueIdentifier>
    </Filter>
    <Filter Include="Engine\Entities">
      <UniqueIdentifier>{67e1a4cf-7db5-4ff1-924a-3220891d7c5e}</UniqueIdentifier>
    </Filter>
    <Filter Include="PlatformerDemo">
      <UniqueIdentifier>{de767e17-51f2-4d1b-b9b2-e64b85651954}</UniqueIdentifier>
    </Filter>
    <Filter Include="PlatformerDemo\ActivePlatforms">
      <UniqueIdentifier>{02dff9d6-ae4d-4bc9-a9c6-9bbbe0c39273}</UniqueIdentifier>
    </Filter>
    <Filter Include="Engine\Core">
      <UniqueIdentifier>{57b4f54a-943b-4698-b879-59f9f5ce1c95}</UniqueIdentifier>
    </Filter>
  </ItemGroup>
  <ItemGroup>
    <ClCompile Include="Engine\Engine.cpp">
      <Filter>Engine</Filter>
    </ClCompile>
    <ClCompile Include="Engine\Scene.cpp">
      <Filter>Engine</Filter>
    </ClCompile>
    <ClCompile Include="Engine\Scene_Editor.cpp">
      <Filter>Engine</Filter>
    </ClCompile>
    <ClCompile Include="Engine\imgui.cpp">
      <Filter>Engine\imgui</Filter>
    </ClCompile>
    <ClCompile Include="Engine\imgui_demo.cpp">
      <Filter>Engine\imgui</Filter>
    </ClCompile>
    <ClCompile Include="Engine\imgui_draw.cpp">
      <Filter>Engine\imgui</Filter>
    </ClCompile>
    <ClCompile Include="Engine\imgui_widgets.cpp">
      <Filter>Engine\imgui</Filter>
    </ClCompile>
    <ClCompile Include="Engine\imgui-SFML.cpp">
      <Filter>Engine\imgui</Filter>
    </ClCompile>
    <ClCompile Include="Engine\ADKTextures.cpp">
      <Filter>Engine\Resources</Filter>
    </ClCompile>
    <ClCompile Include="Engine\ADKAssets.cpp">
      <Filter>Engine\Resources</Filter>
    </ClCompile>
    <ClCompile Include="Engine\ADKSaveLoad.cpp">
      <Filter>Engine\Persistence</Filter>
    </ClCompile>
    <ClCompile Include="Engine\BoxCollider.cpp">
      <Filter>Engine\Colliders</Filter>
    </ClCompile>
    <ClCompile Include="Engine\EntityList.cpp">
      <Filter>Engine\ADKUtils</Filter>
    </ClCompile>
    <ClCompile Include="Engine\Entity.cpp">
      <Filter>Engine\Entities</Filter>
    </ClCompile>
    <ClCompile Include="Engine\TileEntity.cpp">
      <Filter>Engine\Entities</Filter>
    </ClCompile>
    <ClCompile Include="PlatformerPlayer.cpp">
      <Filter>PlatformerDemo</Filter>
    </ClCompile>
    <ClCompile Include="PlatformerActivePlatform.cpp">
      <Filter>PlatformerDemo\ActivePlatforms</Filter>
    </ClCompile>
    <ClCompile Include="PlatformerFallingPlatform.cpp">
      <Filter>PlatformerDemo\ActivePlatforms</Filter>
    </ClCompile>
    <ClCompile Include="PlatformerMovingPlatform.cpp">
      <Filter>PlatformerDemo\ActivePlatforms</Filter>
    </ClCompile>
    <ClCompile Include="PlatformerTrampoline.cpp">
      <Filter>PlatformerDemo\ActivePlatforms</Filter>
    </ClCompile>
    <ClCompile Include="PlatformerSpikes.cpp">
      <Filter>PlatformerDemo\ActivePlatforms</Filter>
    </ClCompile>
    <ClCompile Include="Scene_PlatformerGame.cpp">
      <Filter>PlatformerDemo</Filter>
    </ClCompile>
    <ClCompile Include="PlatformerTile.cpp">
      <Filter>PlatformerDemo</Filter>
    </ClCompile>
    <ClCompile Include="PlatformerOneWayTile.cpp">
      <Filter>PlatformerDemo</Filter>
    </ClCompile>
    <ClCompile Include="Engine\ADKCamera.cpp">
      <Filter>Engine\Core</Filter>
    </ClCompile>
  </ItemGroup>
  <ItemGroup>
    <ClInclude Include="Engine\Scene.h">
      <Filter>Engine</Filter>
    </ClInclude>
    <ClInclude Include="Engine\MoreColors.h">
      <Filter>Engine\Utils</Filter>
    </ClInclude>
    <ClInclude Include="Engine\Scene_Editor.h">
      <Filter>Engine</Filter>
    </ClInclude>
    <ClInclude Include="Engine\ADKTextures.h">
      <Filter>Engine\Resources</Filter>
    </ClInclude>
    <ClInclude Include="Engine\ADKAssets.h">
      <Filter>Engine\Resources</Filter>
    </ClInclude>
    <ClInclude Include="Engine\ADKSaveLoad.h">
      <Filter>Engine\Persistence</Filter>
    </ClInclude>
    <ClInclude Include="Engine\json.hpp">
      <Filter>Engine\Persistence</Filter>
    </ClInclude>
    <ClInclude Include="Engine\ADKMath.h">
      <Filter>Engine\Utils</Filter>
    </ClInclude>
    <ClInclude Include="Engine\BoxCollider.h">
      <Filter>Engine\Colliders</Filter>
    </ClInclude>
    <ClInclude Include="Engine\EntityList.h">
      <Filter>Engine\ADKUtils</Filter>
    </ClInclude>
    <ClInclude Include="ADKEditorMetaRegistry.h" />
    <ClInclude Include="Engine\Entity.h">
      <Filter>Engine\Entities</Filter>
    </ClInclude>
    <ClInclude Include="Engine\TileEntity.h">
      <Filter>Engine\Entities</Filter>
    </ClInclude>
    <ClInclude Include="ADKInput.h" />
    <ClInclude Include="PlatformerPlayer.h">
      <Filter>PlatformerDemo</Filter>
    </ClInclude>
    <ClInclude Include="PlatformerActivePlatform.h">
      <Filter>PlatformerDemo\ActivePlatforms</Filter>
    </ClInclude>
    <ClInclude Include="PlatformerFallingPlatform.h">
      <Filter>PlatformerDemo\ActivePlatforms</Filter>
    </ClInclude>
    <ClInclude Include="PlatformerMovingPlatform.h">
      <Filter>PlatformerDemo\ActivePlatforms</Filter>
    </ClInclude>
    <ClInclude Include="PlatformerTrampoline.h">
      <Filter>PlatformerDemo\ActivePlatforms</Filter>
    </ClInclude>
    <ClInclude Include="PlatformerSpikes.h">
      <Filter>PlatformerDemo\ActivePlatforms</Filter>
    </ClInclude>
    <ClInclude Include="Scene_PlatformerGame.h">
      <Filter>PlatformerDemo</Filter>
    </ClInclude>
    <ClInclude Include="PlatformerTile.h">
      <Filter>PlatformerDemo</Filter>
    </ClInclude>
    <ClInclude Include="PlatformerOneWayTile.h">
      <Filter>PlatformerDemo</Filter>
    </ClInclude>
    <ClInclude Include="Engine\ADKCamera.h">
      <Filter>Engine\Core</Filter>
    </ClInclude>
  </ItemGroup>
</Project>